// !$*UTF8*$!
{
	archiveVersion = 1;
	classes = {
	};
	objectVersion = 51;
	objects = {

/* Begin PBXBuildFile section */
		56AAACC263E7457353782DC8 /* Pods_RxSwiftPractices.framework in Frameworks */ = {isa = PBXBuildFile; fileRef = 74C0AC4937112B0886B4744D /* Pods_RxSwiftPractices.framework */; };
		BBA5ABE326B69A6600E0BA5F /* MarvelProvider.swift in Sources */ = {isa = PBXBuildFile; fileRef = BBA5ABE226B69A6600E0BA5F /* MarvelProvider.swift */; };
		BBB37C7D26EDD3900046E34A /* MainViewController.swift in Sources */ = {isa = PBXBuildFile; fileRef = BBB37C7C26EDD3900046E34A /* MainViewController.swift */; };
		BBB37C7F26EDD9C60046E34A /* CharactersViewController.swift in Sources */ = {isa = PBXBuildFile; fileRef = BBB37C7E26EDD9C60046E34A /* CharactersViewController.swift */; };
		BBB37C8226EDF94F0046E34A /* CharacterCell.swift in Sources */ = {isa = PBXBuildFile; fileRef = BBB37C8126EDF94F0046E34A /* CharacterCell.swift */; };
		BBB37C8426EE33E50046E34A /* CharactersViewModel.swift in Sources */ = {isa = PBXBuildFile; fileRef = BBB37C8326EE33E50046E34A /* CharactersViewModel.swift */; };
		BBC1FD2926AC07DE00088491 /* AppDelegate.swift in Sources */ = {isa = PBXBuildFile; fileRef = BBC1FD2826AC07DE00088491 /* AppDelegate.swift */; };
		BBC1FD2B26AC07DE00088491 /* SceneDelegate.swift in Sources */ = {isa = PBXBuildFile; fileRef = BBC1FD2A26AC07DE00088491 /* SceneDelegate.swift */; };
		BBC1FD2D26AC07DE00088491 /* ViewController.swift in Sources */ = {isa = PBXBuildFile; fileRef = BBC1FD2C26AC07DE00088491 /* ViewController.swift */; };
		BBC1FD3026AC07DE00088491 /* Main.storyboard in Resources */ = {isa = PBXBuildFile; fileRef = BBC1FD2E26AC07DE00088491 /* Main.storyboard */; };
		BBC1FD3326AC07DE00088491 /* RxSwift.xcdatamodeld in Sources */ = {isa = PBXBuildFile; fileRef = BBC1FD3126AC07DE00088491 /* RxSwift.xcdatamodeld */; };
		BBC1FD3526AC07E000088491 /* Assets.xcassets in Resources */ = {isa = PBXBuildFile; fileRef = BBC1FD3426AC07E000088491 /* Assets.xcassets */; };
		BBC1FD3826AC07E000088491 /* LaunchScreen.storyboard in Resources */ = {isa = PBXBuildFile; fileRef = BBC1FD3626AC07E000088491 /* LaunchScreen.storyboard */; };
		BBDE8F1E26D5213A006B3407 /* DataExtension.swift in Sources */ = {isa = PBXBuildFile; fileRef = BBDE8F1D26D5213A006B3407 /* DataExtension.swift */; };
		BBDE8F2026D52151006B3407 /* DigestExtension.swift in Sources */ = {isa = PBXBuildFile; fileRef = BBDE8F1F26D52151006B3407 /* DigestExtension.swift */; };
		BBE1634226B048E4004FE42E /* MarvelCharacter.swift in Sources */ = {isa = PBXBuildFile; fileRef = BBE1634126B048E4004FE42E /* MarvelCharacter.swift */; };
		BBE1634726B04EAB004FE42E /* MainViewModel.swift in Sources */ = {isa = PBXBuildFile; fileRef = BBE1634626B04EAB004FE42E /* MainViewModel.swift */; };
		BBE6239726AC0B10002D5AB1 /* OneCharacterViewController.swift in Sources */ = {isa = PBXBuildFile; fileRef = BBE6239626AC0B10002D5AB1 /* OneCharacterViewController.swift */; };
/* End PBXBuildFile section */

/* Begin PBXFileReference section */
		11B38C31BF0E0A8DCA256CCD /* Pods-RxSwiftPractices.release.xcconfig */ = {isa = PBXFileReference; includeInIndex = 1; lastKnownFileType = text.xcconfig; name = "Pods-RxSwiftPractices.release.xcconfig"; path = "Target Support Files/Pods-RxSwiftPractices/Pods-RxSwiftPractices.release.xcconfig"; sourceTree = "<group>"; };
		74C0AC4937112B0886B4744D /* Pods_RxSwiftPractices.framework */ = {isa = PBXFileReference; explicitFileType = wrapper.framework; includeInIndex = 0; path = Pods_RxSwiftPractices.framework; sourceTree = BUILT_PRODUCTS_DIR; };
		83CF8E5BC6C36466C53AD66F /* Pods-RxSwiftPractices.debug.xcconfig */ = {isa = PBXFileReference; includeInIndex = 1; lastKnownFileType = text.xcconfig; name = "Pods-RxSwiftPractices.debug.xcconfig"; path = "Target Support Files/Pods-RxSwiftPractices/Pods-RxSwiftPractices.debug.xcconfig"; sourceTree = "<group>"; };
		BBA5ABE226B69A6600E0BA5F /* MarvelProvider.swift */ = {isa = PBXFileReference; lastKnownFileType = sourcecode.swift; path = MarvelProvider.swift; sourceTree = "<group>"; };
		BBB37C7C26EDD3900046E34A /* MainViewController.swift */ = {isa = PBXFileReference; lastKnownFileType = sourcecode.swift; path = MainViewController.swift; sourceTree = "<group>"; };
		BBB37C7E26EDD9C60046E34A /* CharactersViewController.swift */ = {isa = PBXFileReference; lastKnownFileType = sourcecode.swift; path = CharactersViewController.swift; sourceTree = "<group>"; };
		BBB37C8126EDF94F0046E34A /* CharacterCell.swift */ = {isa = PBXFileReference; lastKnownFileType = sourcecode.swift; path = CharacterCell.swift; sourceTree = "<group>"; };
		BBB37C8326EE33E50046E34A /* CharactersViewModel.swift */ = {isa = PBXFileReference; lastKnownFileType = sourcecode.swift; path = CharactersViewModel.swift; sourceTree = "<group>"; };
		BBC1FD2526AC07DE00088491 /* RxSwiftPractices.app */ = {isa = PBXFileReference; explicitFileType = wrapper.application; includeInIndex = 0; path = RxSwiftPractices.app; sourceTree = BUILT_PRODUCTS_DIR; };
		BBC1FD2826AC07DE00088491 /* AppDelegate.swift */ = {isa = PBXFileReference; lastKnownFileType = sourcecode.swift; path = AppDelegate.swift; sourceTree = "<group>"; };
		BBC1FD2A26AC07DE00088491 /* SceneDelegate.swift */ = {isa = PBXFileReference; lastKnownFileType = sourcecode.swift; path = SceneDelegate.swift; sourceTree = "<group>"; };
		BBC1FD2C26AC07DE00088491 /* ViewController.swift */ = {isa = PBXFileReference; lastKnownFileType = sourcecode.swift; path = ViewController.swift; sourceTree = "<group>"; };
		BBC1FD2F26AC07DE00088491 /* Base */ = {isa = PBXFileReference; lastKnownFileType = file.storyboard; name = Base; path = Base.lproj/Main.storyboard; sourceTree = "<group>"; };
		BBC1FD3226AC07DE00088491 /* RxSwift.xcdatamodel */ = {isa = PBXFileReference; lastKnownFileType = wrapper.xcdatamodel; path = RxSwift.xcdatamodel; sourceTree = "<group>"; };
		BBC1FD3426AC07E000088491 /* Assets.xcassets */ = {isa = PBXFileReference; lastKnownFileType = folder.assetcatalog; path = Assets.xcassets; sourceTree = "<group>"; };
		BBC1FD3726AC07E000088491 /* Base */ = {isa = PBXFileReference; lastKnownFileType = file.storyboard; name = Base; path = Base.lproj/LaunchScreen.storyboard; sourceTree = "<group>"; };
		BBC1FD3926AC07E000088491 /* Info.plist */ = {isa = PBXFileReference; lastKnownFileType = text.plist.xml; path = Info.plist; sourceTree = "<group>"; };
		BBDE8F1D26D5213A006B3407 /* DataExtension.swift */ = {isa = PBXFileReference; lastKnownFileType = sourcecode.swift; path = DataExtension.swift; sourceTree = "<group>"; };
		BBDE8F1F26D52151006B3407 /* DigestExtension.swift */ = {isa = PBXFileReference; lastKnownFileType = sourcecode.swift; path = DigestExtension.swift; sourceTree = "<group>"; };
		BBE1634126B048E4004FE42E /* MarvelCharacter.swift */ = {isa = PBXFileReference; lastKnownFileType = sourcecode.swift; path = MarvelCharacter.swift; sourceTree = "<group>"; };
		BBE1634626B04EAB004FE42E /* MainViewModel.swift */ = {isa = PBXFileReference; lastKnownFileType = sourcecode.swift; path = MainViewModel.swift; sourceTree = "<group>"; };
		BBE6239626AC0B10002D5AB1 /* OneCharacterViewController.swift */ = {isa = PBXFileReference; lastKnownFileType = sourcecode.swift; path = OneCharacterViewController.swift; sourceTree = "<group>"; };
/* End PBXFileReference section */

/* Begin PBXFrameworksBuildPhase section */
		BBC1FD2226AC07DE00088491 /* Frameworks */ = {
			isa = PBXFrameworksBuildPhase;
			buildActionMask = 2147483647;
			files = (
				56AAACC263E7457353782DC8 /* Pods_RxSwiftPractices.framework in Frameworks */,
			);
			runOnlyForDeploymentPostprocessing = 0;
		};
/* End PBXFrameworksBuildPhase section */

/* Begin PBXGroup section */
		9EE443A650D469E42DAB8B94 /* Frameworks */ = {
			isa = PBXGroup;
			children = (
				74C0AC4937112B0886B4744D /* Pods_RxSwiftPractices.framework */,
			);
			name = Frameworks;
			sourceTree = "<group>";
		};
		BBA5ABE026B69A5100E0BA5F /* API */ = {
			isa = PBXGroup;
			children = (
				BBA5ABE226B69A6600E0BA5F /* MarvelProvider.swift */,
			);
			path = API;
			sourceTree = "<group>";
		};
		BBB37C8026EDF9370046E34A /* Cells */ = {
			isa = PBXGroup;
			children = (
				BBB37C8126EDF94F0046E34A /* CharacterCell.swift */,
			);
			path = Cells;
			sourceTree = "<group>";
		};
		BBC1FD1C26AC07DE00088491 = {
			isa = PBXGroup;
			children = (
				BBC1FD2726AC07DE00088491 /* RxSwiftPractices */,
				BBC1FD2626AC07DE00088491 /* Products */,
				CBCE550D05D9DA78108C7D75 /* Pods */,
				9EE443A650D469E42DAB8B94 /* Frameworks */,
			);
			sourceTree = "<group>";
		};
		BBC1FD2626AC07DE00088491 /* Products */ = {
			isa = PBXGroup;
			children = (
				BBC1FD2526AC07DE00088491 /* RxSwiftPractices.app */,
			);
			name = Products;
			sourceTree = "<group>";
		};
		BBC1FD2726AC07DE00088491 /* RxSwiftPractices */ = {
			isa = PBXGroup;
			children = (
				BBB37C8026EDF9370046E34A /* Cells */,
				BBDE8F1C26D52119006B3407 /* Extensions */,
				BBA5ABE026B69A5100E0BA5F /* API */,
				BBE1634526B04E8E004FE42E /* ViewModels */,
				BBE1634026B048D2004FE42E /* Models */,
				BBE6239226AC0AA9002D5AB1 /* Views */,
				BBC1FD2826AC07DE00088491 /* AppDelegate.swift */,
				BBC1FD2E26AC07DE00088491 /* Main.storyboard */,
				BBC1FD2A26AC07DE00088491 /* SceneDelegate.swift */,
				BBC1FD2C26AC07DE00088491 /* ViewController.swift */,
				BBC1FD3426AC07E000088491 /* Assets.xcassets */,
				BBC1FD3626AC07E000088491 /* LaunchScreen.storyboard */,
				BBC1FD3926AC07E000088491 /* Info.plist */,
				BBC1FD3126AC07DE00088491 /* RxSwift.xcdatamodeld */,
			);
			path = RxSwiftPractices;
			sourceTree = "<group>";
		};
		BBDE8F1C26D52119006B3407 /* Extensions */ = {
			isa = PBXGroup;
			children = (
				BBDE8F1D26D5213A006B3407 /* DataExtension.swift */,
				BBDE8F1F26D52151006B3407 /* DigestExtension.swift */,
			);
			path = Extensions;
			sourceTree = "<group>";
		};
		BBE1634026B048D2004FE42E /* Models */ = {
			isa = PBXGroup;
			children = (
				BBE1634126B048E4004FE42E /* MarvelCharacter.swift */,
			);
			path = Models;
			sourceTree = "<group>";
		};
		BBE1634526B04E8E004FE42E /* ViewModels */ = {
			isa = PBXGroup;
			children = (
				BBE1634626B04EAB004FE42E /* MainViewModel.swift */,
				BBB37C8326EE33E50046E34A /* CharactersViewModel.swift */,
			);
			path = ViewModels;
			sourceTree = "<group>";
		};
		BBE6239226AC0AA9002D5AB1 /* Views */ = {
			isa = PBXGroup;
			children = (
				BBB37C7C26EDD3900046E34A /* MainViewController.swift */,
				BBE6239626AC0B10002D5AB1 /* OneCharacterViewController.swift */,
				BBB37C7E26EDD9C60046E34A /* CharactersViewController.swift */,
			);
			path = Views;
			sourceTree = "<group>";
		};
		CBCE550D05D9DA78108C7D75 /* Pods */ = {
			isa = PBXGroup;
			children = (
				83CF8E5BC6C36466C53AD66F /* Pods-RxSwiftPractices.debug.xcconfig */,
				11B38C31BF0E0A8DCA256CCD /* Pods-RxSwiftPractices.release.xcconfig */,
			);
			path = Pods;
			sourceTree = "<group>";
		};
/* End PBXGroup section */

/* Begin PBXNativeTarget section */
		BBC1FD2426AC07DE00088491 /* RxSwiftPractices */ = {
			isa = PBXNativeTarget;
			buildConfigurationList = BBC1FD3C26AC07E000088491 /* Build configuration list for PBXNativeTarget "RxSwiftPractices" */;
			buildPhases = (
				BB91C0858B5391927D1FF6B0 /* [CP] Check Pods Manifest.lock */,
				BBC1FD2126AC07DE00088491 /* Sources */,
				BBC1FD2226AC07DE00088491 /* Frameworks */,
				BBC1FD2326AC07DE00088491 /* Resources */,
				0F0BEAE1227BA9F37885FE66 /* [CP] Embed Pods Frameworks */,
			);
			buildRules = (
			);
			dependencies = (
			);
			name = RxSwiftPractices;
			productName = RxSwift;
			productReference = BBC1FD2526AC07DE00088491 /* RxSwiftPractices.app */;
			productType = "com.apple.product-type.application";
		};
/* End PBXNativeTarget section */

/* Begin PBXProject section */
		BBC1FD1D26AC07DE00088491 /* Project object */ = {
			isa = PBXProject;
			attributes = {
				LastSwiftUpdateCheck = 1250;
				LastUpgradeCheck = 1250;
				TargetAttributes = {
					BBC1FD2426AC07DE00088491 = {
						CreatedOnToolsVersion = 12.5.1;
					};
				};
			};
			buildConfigurationList = BBC1FD2026AC07DE00088491 /* Build configuration list for PBXProject "RxSwiftPractices" */;
			compatibilityVersion = "Xcode 9.3";
			developmentRegion = en;
			hasScannedForEncodings = 0;
			knownRegions = (
				en,
				Base,
			);
			mainGroup = BBC1FD1C26AC07DE00088491;
			productRefGroup = BBC1FD2626AC07DE00088491 /* Products */;
			projectDirPath = "";
			projectRoot = "";
			targets = (
				BBC1FD2426AC07DE00088491 /* RxSwiftPractices */,
			);
		};
/* End PBXProject section */

/* Begin PBXResourcesBuildPhase section */
		BBC1FD2326AC07DE00088491 /* Resources */ = {
			isa = PBXResourcesBuildPhase;
			buildActionMask = 2147483647;
			files = (
				BBC1FD3826AC07E000088491 /* LaunchScreen.storyboard in Resources */,
				BBC1FD3526AC07E000088491 /* Assets.xcassets in Resources */,
				BBC1FD3026AC07DE00088491 /* Main.storyboard in Resources */,
			);
			runOnlyForDeploymentPostprocessing = 0;
		};
/* End PBXResourcesBuildPhase section */

/* Begin PBXShellScriptBuildPhase section */
		0F0BEAE1227BA9F37885FE66 /* [CP] Embed Pods Frameworks */ = {
			isa = PBXShellScriptBuildPhase;
			buildActionMask = 2147483647;
			files = (
			);
			inputFileListPaths = (
				"${PODS_ROOT}/Target Support Files/Pods-RxSwiftPractices/Pods-RxSwiftPractices-frameworks-${CONFIGURATION}-input-files.xcfilelist",
			);
			name = "[CP] Embed Pods Frameworks";
			outputFileListPaths = (
				"${PODS_ROOT}/Target Support Files/Pods-RxSwiftPractices/Pods-RxSwiftPractices-frameworks-${CONFIGURATION}-output-files.xcfilelist",
			);
			runOnlyForDeploymentPostprocessing = 0;
			shellPath = /bin/sh;
			shellScript = "\"${PODS_ROOT}/Target Support Files/Pods-RxSwiftPractices/Pods-RxSwiftPractices-frameworks.sh\"\n";
			showEnvVarsInLog = 0;
		};
		BB91C0858B5391927D1FF6B0 /* [CP] Check Pods Manifest.lock */ = {
			isa = PBXShellScriptBuildPhase;
			buildActionMask = 2147483647;
			files = (
			);
			inputFileListPaths = (
			);
			inputPaths = (
				"${PODS_PODFILE_DIR_PATH}/Podfile.lock",
				"${PODS_ROOT}/Manifest.lock",
			);
			name = "[CP] Check Pods Manifest.lock";
			outputFileListPaths = (
			);
			outputPaths = (
				"$(DERIVED_FILE_DIR)/Pods-RxSwiftPractices-checkManifestLockResult.txt",
			);
			runOnlyForDeploymentPostprocessing = 0;
			shellPath = /bin/sh;
			shellScript = "diff \"${PODS_PODFILE_DIR_PATH}/Podfile.lock\" \"${PODS_ROOT}/Manifest.lock\" > /dev/null\nif [ $? != 0 ] ; then\n    # print error to STDERR\n    echo \"error: The sandbox is not in sync with the Podfile.lock. Run 'pod install' or update your CocoaPods installation.\" >&2\n    exit 1\nfi\n# This output is used by Xcode 'outputs' to avoid re-running this script phase.\necho \"SUCCESS\" > \"${SCRIPT_OUTPUT_FILE_0}\"\n";
			showEnvVarsInLog = 0;
		};
/* End PBXShellScriptBuildPhase section */

/* Begin PBXSourcesBuildPhase section */
		BBC1FD2126AC07DE00088491 /* Sources */ = {
			isa = PBXSourcesBuildPhase;
			buildActionMask = 2147483647;
			files = (
				BBC1FD2D26AC07DE00088491 /* ViewController.swift in Sources */,
				BBB37C7D26EDD3900046E34A /* MainViewController.swift in Sources */,
				BBC1FD2926AC07DE00088491 /* AppDelegate.swift in Sources */,
				BBDE8F2026D52151006B3407 /* DigestExtension.swift in Sources */,
				BBE1634226B048E4004FE42E /* MarvelCharacter.swift in Sources */,
				BBA5ABE326B69A6600E0BA5F /* MarvelProvider.swift in Sources */,
				BBC1FD2B26AC07DE00088491 /* SceneDelegate.swift in Sources */,
				BBC1FD3326AC07DE00088491 /* RxSwift.xcdatamodeld in Sources */,
				BBB37C8426EE33E50046E34A /* CharactersViewModel.swift in Sources */,
				BBB37C8226EDF94F0046E34A /* CharacterCell.swift in Sources */,
				BBB37C7F26EDD9C60046E34A /* CharactersViewController.swift in Sources */,
				BBE6239726AC0B10002D5AB1 /* OneCharacterViewController.swift in Sources */,
				BBE1634726B04EAB004FE42E /* MainViewModel.swift in Sources */,
				BBDE8F1E26D5213A006B3407 /* DataExtension.swift in Sources */,
			);
			runOnlyForDeploymentPostprocessing = 0;
		};
/* End PBXSourcesBuildPhase section */

/* Begin PBXVariantGroup section */
		BBC1FD2E26AC07DE00088491 /* Main.storyboard */ = {
			isa = PBXVariantGroup;
			children = (
				BBC1FD2F26AC07DE00088491 /* Base */,
			);
			name = Main.storyboard;
			sourceTree = "<group>";
		};
		BBC1FD3626AC07E000088491 /* LaunchScreen.storyboard */ = {
			isa = PBXVariantGroup;
			children = (
				BBC1FD3726AC07E000088491 /* Base */,
			);
			name = LaunchScreen.storyboard;
			sourceTree = "<group>";
		};
/* End PBXVariantGroup section */

/* Begin XCBuildConfiguration section */
		BBC1FD3A26AC07E000088491 /* Debug */ = {
			isa = XCBuildConfiguration;
			buildSettings = {
				ALWAYS_SEARCH_USER_PATHS = NO;
				CLANG_ANALYZER_NONNULL = YES;
				CLANG_ANALYZER_NUMBER_OBJECT_CONVERSION = YES_AGGRESSIVE;
				CLANG_CXX_LANGUAGE_STANDARD = "gnu++14";
				CLANG_CXX_LIBRARY = "libc++";
				CLANG_ENABLE_MODULES = YES;
				CLANG_ENABLE_OBJC_ARC = YES;
				CLANG_ENABLE_OBJC_WEAK = YES;
				CLANG_WARN_BLOCK_CAPTURE_AUTORELEASING = YES;
				CLANG_WARN_BOOL_CONVERSION = YES;
				CLANG_WARN_COMMA = YES;
				CLANG_WARN_CONSTANT_CONVERSION = YES;
				CLANG_WARN_DEPRECATED_OBJC_IMPLEMENTATIONS = YES;
				CLANG_WARN_DIRECT_OBJC_ISA_USAGE = YES_ERROR;
				CLANG_WARN_DOCUMENTATION_COMMENTS = YES;
				CLANG_WARN_EMPTY_BODY = YES;
				CLANG_WARN_ENUM_CONVERSION = YES;
				CLANG_WARN_INFINITE_RECURSION = YES;
				CLANG_WARN_INT_CONVERSION = YES;
				CLANG_WARN_NON_LITERAL_NULL_CONVERSION = YES;
				CLANG_WARN_OBJC_IMPLICIT_RETAIN_SELF = YES;
				CLANG_WARN_OBJC_LITERAL_CONVERSION = YES;
				CLANG_WARN_OBJC_ROOT_CLASS = YES_ERROR;
				CLANG_WARN_QUOTED_INCLUDE_IN_FRAMEWORK_HEADER = YES;
				CLANG_WARN_RANGE_LOOP_ANALYSIS = YES;
				CLANG_WARN_STRICT_PROTOTYPES = YES;
				CLANG_WARN_SUSPICIOUS_MOVE = YES;
				CLANG_WARN_UNGUARDED_AVAILABILITY = YES_AGGRESSIVE;
				CLANG_WARN_UNREACHABLE_CODE = YES;
				CLANG_WARN__DUPLICATE_METHOD_MATCH = YES;
				COPY_PHASE_STRIP = NO;
				DEBUG_INFORMATION_FORMAT = dwarf;
				ENABLE_STRICT_OBJC_MSGSEND = YES;
				ENABLE_TESTABILITY = YES;
				GCC_C_LANGUAGE_STANDARD = gnu11;
				GCC_DYNAMIC_NO_PIC = NO;
				GCC_NO_COMMON_BLOCKS = YES;
				GCC_OPTIMIZATION_LEVEL = 0;
				GCC_PREPROCESSOR_DEFINITIONS = (
					"DEBUG=1",
					"$(inherited)",
				);
				GCC_WARN_64_TO_32_BIT_CONVERSION = YES;
				GCC_WARN_ABOUT_RETURN_TYPE = YES_ERROR;
				GCC_WARN_UNDECLARED_SELECTOR = YES;
				GCC_WARN_UNINITIALIZED_AUTOS = YES_AGGRESSIVE;
				GCC_WARN_UNUSED_FUNCTION = YES;
				GCC_WARN_UNUSED_VARIABLE = YES;
				IPHONEOS_DEPLOYMENT_TARGET = 14.5;
				MTL_ENABLE_DEBUG_INFO = INCLUDE_SOURCE;
				MTL_FAST_MATH = YES;
				ONLY_ACTIVE_ARCH = YES;
				SDKROOT = iphoneos;
				SWIFT_ACTIVE_COMPILATION_CONDITIONS = DEBUG;
				SWIFT_OPTIMIZATION_LEVEL = "-Onone";
			};
			name = Debug;
		};
		BBC1FD3B26AC07E000088491 /* Release */ = {
			isa = XCBuildConfiguration;
			buildSettings = {
				ALWAYS_SEARCH_USER_PATHS = NO;
				CLANG_ANALYZER_NONNULL = YES;
				CLANG_ANALYZER_NUMBER_OBJECT_CONVERSION = YES_AGGRESSIVE;
				CLANG_CXX_LANGUAGE_STANDARD = "gnu++14";
				CLANG_CXX_LIBRARY = "libc++";
				CLANG_ENABLE_MODULES = YES;
				CLANG_ENABLE_OBJC_ARC = YES;
				CLANG_ENABLE_OBJC_WEAK = YES;
				CLANG_WARN_BLOCK_CAPTURE_AUTORELEASING = YES;
				CLANG_WARN_BOOL_CONVERSION = YES;
				CLANG_WARN_COMMA = YES;
				CLANG_WARN_CONSTANT_CONVERSION = YES;
				CLANG_WARN_DEPRECATED_OBJC_IMPLEMENTATIONS = YES;
				CLANG_WARN_DIRECT_OBJC_ISA_USAGE = YES_ERROR;
				CLANG_WARN_DOCUMENTATION_COMMENTS = YES;
				CLANG_WARN_EMPTY_BODY = YES;
				CLANG_WARN_ENUM_CONVERSION = YES;
				CLANG_WARN_INFINITE_RECURSION = YES;
				CLANG_WARN_INT_CONVERSION = YES;
				CLANG_WARN_NON_LITERAL_NULL_CONVERSION = YES;
				CLANG_WARN_OBJC_IMPLICIT_RETAIN_SELF = YES;
				CLANG_WARN_OBJC_LITERAL_CONVERSION = YES;
				CLANG_WARN_OBJC_ROOT_CLASS = YES_ERROR;
				CLANG_WARN_QUOTED_INCLUDE_IN_FRAMEWORK_HEADER = YES;
				CLANG_WARN_RANGE_LOOP_ANALYSIS = YES;
				CLANG_WARN_STRICT_PROTOTYPES = YES;
				CLANG_WARN_SUSPICIOUS_MOVE = YES;
				CLANG_WARN_UNGUARDED_AVAILABILITY = YES_AGGRESSIVE;
				CLANG_WARN_UNREACHABLE_CODE = YES;
				CLANG_WARN__DUPLICATE_METHOD_MATCH = YES;
				COPY_PHASE_STRIP = NO;
				DEBUG_INFORMATION_FORMAT = "dwarf-with-dsym";
				ENABLE_NS_ASSERTIONS = NO;
				ENABLE_STRICT_OBJC_MSGSEND = YES;
				GCC_C_LANGUAGE_STANDARD = gnu11;
				GCC_NO_COMMON_BLOCKS = YES;
				GCC_WARN_64_TO_32_BIT_CONVERSION = YES;
				GCC_WARN_ABOUT_RETURN_TYPE = YES_ERROR;
				GCC_WARN_UNDECLARED_SELECTOR = YES;
				GCC_WARN_UNINITIALIZED_AUTOS = YES_AGGRESSIVE;
				GCC_WARN_UNUSED_FUNCTION = YES;
				GCC_WARN_UNUSED_VARIABLE = YES;
				IPHONEOS_DEPLOYMENT_TARGET = 14.5;
				MTL_ENABLE_DEBUG_INFO = NO;
				MTL_FAST_MATH = YES;
				SDKROOT = iphoneos;
				SWIFT_COMPILATION_MODE = wholemodule;
				SWIFT_OPTIMIZATION_LEVEL = "-O";
				VALIDATE_PRODUCT = YES;
			};
			name = Release;
		};
		BBC1FD3D26AC07E000088491 /* Debug */ = {
			isa = XCBuildConfiguration;
			baseConfigurationReference = 83CF8E5BC6C36466C53AD66F /* Pods-RxSwiftPractices.debug.xcconfig */;
			buildSettings = {
				ASSETCATALOG_COMPILER_APPICON_NAME = AppIcon;
				ASSETCATALOG_COMPILER_GLOBAL_ACCENT_COLOR_NAME = AccentColor;
				CODE_SIGN_STYLE = Automatic;
				INFOPLIST_FILE = RxSwiftPractices/Info.plist;
				LD_RUNPATH_SEARCH_PATHS = (
					"$(inherited)",
					"@executable_path/Frameworks",
				);
				PRODUCT_BUNDLE_IDENTIFIER = Aiden.RxSwiftPractices;
				PRODUCT_NAME = "$(TARGET_NAME)";
				SWIFT_VERSION = 5.0;
				TARGETED_DEVICE_FAMILY = "1,2";
			};
			name = Debug;
		};
		BBC1FD3E26AC07E000088491 /* Release */ = {
			isa = XCBuildConfiguration;
			baseConfigurationReference = 11B38C31BF0E0A8DCA256CCD /* Pods-RxSwiftPractices.release.xcconfig */;
			buildSettings = {
				ASSETCATALOG_COMPILER_APPICON_NAME = AppIcon;
				ASSETCATALOG_COMPILER_GLOBAL_ACCENT_COLOR_NAME = AccentColor;
				CODE_SIGN_STYLE = Automatic;
				INFOPLIST_FILE = RxSwiftPractices/Info.plist;
				LD_RUNPATH_SEARCH_PATHS = (
					"$(inherited)",
					"@executable_path/Frameworks",
				);
				PRODUCT_BUNDLE_IDENTIFIER = Aiden.RxSwiftPractices;
				PRODUCT_NAME = "$(TARGET_NAME)";
				SWIFT_VERSION = 5.0;
				TARGETED_DEVICE_FAMILY = "1,2";
			};
			name = Release;
		};
/* End XCBuildConfiguration section */

/* Begin XCConfigurationList section */
		BBC1FD2026AC07DE00088491 /* Build configuration list for PBXProject "RxSwiftPractices" */ = {
			isa = XCConfigurationList;
			buildConfigurations = (
				BBC1FD3A26AC07E000088491 /* Debug */,
				BBC1FD3B26AC07E000088491 /* Release */,
			);
			defaultConfigurationIsVisible = 0;
			defaultConfigurationName = Release;
		};
		BBC1FD3C26AC07E000088491 /* Build configuration list for PBXNativeTarget "RxSwiftPractices" */ = {
			isa = XCConfigurationList;
			buildConfigurations = (
				BBC1FD3D26AC07E000088491 /* Debug */,
				BBC1FD3E26AC07E000088491 /* Release */,
			);
			defaultConfigurationIsVisible = 0;
			defaultConfigurationName = Release;
		};
/* End XCConfigurationList section */

/* Begin XCVersionGroup section */
		BBC1FD3126AC07DE00088491 /* RxSwift.xcdatamodeld */ = {
			isa = XCVersionGroup;
			children = (
				BBC1FD3226AC07DE00088491 /* RxSwift.xcdatamodel */,
			);
			currentVersion = BBC1FD3226AC07DE00088491 /* RxSwift.xcdatamodel */;
			path = RxSwift.xcdatamodeld;
			sourceTree = "<group>";
			versionGroupType = wrapper.xcdatamodel;
		};
/* End XCVersionGroup section */
	};
	rootObject = BBC1FD1D26AC07DE00088491 /* Project object */;
}
